// !$*UTF8*$!
{
	archiveVersion = 1;
	classes = {
	};
	objectVersion = 46;
	objects = {

/* Begin PBXBuildFile section */
		A4FABFA51D47FE0500555FDA /* main.cpp in Sources */ = {isa = PBXBuildFile; fileRef = A4FABFA41D47FE0500555FDA /* main.cpp */; };
		A4FABFAD1D47FF8E00555FDA /* DataNode.cpp in Sources */ = {isa = PBXBuildFile; fileRef = A4FABFAB1D47FF8E00555FDA /* DataNode.cpp */; };
		A4FABFB11D480C9500555FDA /* NodeController.cpp in Sources */ = {isa = PBXBuildFile; fileRef = A4FABFAF1D480C9500555FDA /* NodeController.cpp */; };
/* End PBXBuildFile section */

/* Begin PBXCopyFilesBuildPhase section */
		A4FABF9F1D47FE0500555FDA /* CopyFiles */ = {
			isa = PBXCopyFilesBuildPhase;
			buildActionMask = 2147483647;
			dstPath = /usr/share/man/man1/;
			dstSubfolderSpec = 0;
			files = (
			);
			runOnlyForDeploymentPostprocessing = 1;
		};
/* End PBXCopyFilesBuildPhase section */

/* Begin PBXFileReference section */
		A4FABFA11D47FE0500555FDA /* SummerNodeProject */ = {isa = PBXFileReference; explicitFileType = "compiled.mach-o.executable"; includeInIndex = 0; path = SummerNodeProject; sourceTree = BUILT_PRODUCTS_DIR; };
		A4FABFA41D47FE0500555FDA /* main.cpp */ = {isa = PBXFileReference; lastKnownFileType = sourcecode.cpp.cpp; path = main.cpp; sourceTree = "<group>"; };
		A4FABFAB1D47FF8E00555FDA /* DataNode.cpp */ = {isa = PBXFileReference; fileEncoding = 4; lastKnownFileType = sourcecode.cpp.cpp; name = DataNode.cpp; path = Model/DataNode.cpp; sourceTree = "<group>"; };
		A4FABFAC1D47FF8E00555FDA /* DataNode.h */ = {isa = PBXFileReference; fileEncoding = 4; lastKnownFileType = sourcecode.c.h; name = DataNode.h; path = Model/DataNode.h; sourceTree = "<group>"; };
		A4FABFAF1D480C9500555FDA /* NodeController.cpp */ = {isa = PBXFileReference; fileEncoding = 4; lastKnownFileType = sourcecode.cpp.cpp; name = NodeController.cpp; path = Controller/NodeController.cpp; sourceTree = "<group>"; };
		A4FABFB01D480C9500555FDA /* NodeController.h */ = {isa = PBXFileReference; fileEncoding = 4; lastKnownFileType = sourcecode.c.h; name = NodeController.h; path = Controller/NodeController.h; sourceTree = "<group>"; };
/* End PBXFileReference section */

/* Begin PBXFrameworksBuildPhase section */
		A4FABF9E1D47FE0500555FDA /* Frameworks */ = {
			isa = PBXFrameworksBuildPhase;
			buildActionMask = 2147483647;
			files = (
			);
			runOnlyForDeploymentPostprocessing = 0;
		};
/* End PBXFrameworksBuildPhase section */

/* Begin PBXGroup section */
		A4FABF981D47FE0500555FDA = {
			isa = PBXGroup;
			children = (
				A4FABFA31D47FE0500555FDA /* SummerNodeProject */,
				A4FABFA21D47FE0500555FDA /* Products */,
			);
			sourceTree = "<group>";
		};
		A4FABFA21D47FE0500555FDA /* Products */ = {
			isa = PBXGroup;
			children = (
				A4FABFA11D47FE0500555FDA /* SummerNodeProject */,
			);
			name = Products;
			sourceTree = "<group>";
		};
		A4FABFA31D47FE0500555FDA /* SummerNodeProject */ = {
			isa = PBXGroup;
			children = (
				A4FABFA41D47FE0500555FDA /* main.cpp */,
				A4FABFAE1D47FFB000555FDA /* Model */,
				A4FABFB31D480CA400555FDA /*  Controller */,
			);
			path = SummerNodeProject;
			sourceTree = "<group>";
		};
		A4FABFAE1D47FFB000555FDA /* Model */ = {
			isa = PBXGroup;
			children = (
				A4FABFAB1D47FF8E00555FDA /* DataNode.cpp */,
				A4FABFAC1D47FF8E00555FDA /* DataNode.h */,
			);
			name = Model;
			sourceTree = "<group>";
		};
		A4FABFB31D480CA400555FDA /*  Controller */ = {
			isa = PBXGroup;
			children = (
				A4FABFAF1D480C9500555FDA /* NodeController.cpp */,
				A4FABFB01D480C9500555FDA /* NodeController.h */,
			);
			name = " Controller";
			sourceTree = "<group>";
		};
/* End PBXGroup section */

/* Begin PBXNativeTarget section */
		A4FABFA01D47FE0500555FDA /* SummerNodeProject */ = {
			isa = PBXNativeTarget;
			buildConfigurationList = A4FABFA81D47FE0500555FDA /* Build configuration list for PBXNativeTarget "SummerNodeProject" */;
			buildPhases = (
				A4FABF9D1D47FE0500555FDA /* Sources */,
				A4FABF9E1D47FE0500555FDA /* Frameworks */,
				A4FABF9F1D47FE0500555FDA /* CopyFiles */,
			);
			buildRules = (
			);
			dependencies = (
			);
			name = SummerNodeProject;
			productName = SummerNodeProject;
			productReference = A4FABFA11D47FE0500555FDA /* SummerNodeProject */;
			productType = "com.apple.product-type.tool";
		};
/* End PBXNativeTarget section */

/* Begin PBXProject section */
		A4FABF991D47FE0500555FDA /* Project object */ = {
			isa = PBXProject;
			attributes = {
				LastUpgradeCheck = 0720;
				ORGANIZATIONNAME = CTEC;
				TargetAttributes = {
					A4FABFA01D47FE0500555FDA = {
						CreatedOnToolsVersion = 7.2;
					};
				};
			};
			buildConfigurationList = A4FABF9C1D47FE0500555FDA /* Build configuration list for PBXProject "SummerNodeProject" */;
			compatibilityVersion = "Xcode 3.2";
			developmentRegion = English;
			hasScannedForEncodings = 0;
			knownRegions = (
				en,
			);
			mainGroup = A4FABF981D47FE0500555FDA;
			productRefGroup = A4FABFA21D47FE0500555FDA /* Products */;
			projectDirPath = "";
			projectRoot = "";
			targets = (
				A4FABFA01D47FE0500555FDA /* SummerNodeProject */,
			);
		};
/* End PBXProject section */

/* Begin PBXSourcesBuildPhase section */
		A4FABF9D1D47FE0500555FDA /* Sources */ = {
			isa = PBXSourcesBuildPhase;
			buildActionMask = 2147483647;
			files = (
				A4FABFB11D480C9500555FDA /* NodeController.cpp in Sources */,
				A4FABFA51D47FE0500555FDA /* main.cpp in Sources */,
				A4FABFAD1D47FF8E00555FDA /* DataNode.cpp in Sources */,
			);
			runOnlyForDeploymentPostprocessing = 0;
		};
/* End PBXSourcesBuildPhase section */

/* Begin XCBuildConfiguration section */
		A4FABFA61D47FE0500555FDA /* Debug */ = {
			isa = XCBuildConfiguration;
			buildSettings = {
				ALWAYS_SEARCH_USER_PATHS = NO;
				CLANG_CXX_LANGUAGE_STANDARD = "gnu++0x";
				CLANG_CXX_LIBRARY = "libc++";
				CLANG_ENABLE_MODULES = YES;
				CLANG_ENABLE_OBJC_ARC = YES;
				CLANG_WARN_BOOL_CONVERSION = YES;
				CLANG_WARN_CONSTANT_CONVERSION = YES;
				CLANG_WARN_DIRECT_OBJC_ISA_USAGE = YES_ERROR;
				CLANG_WARN_EMPTY_BODY = YES;
				CLANG_WARN_ENUM_CONVERSION = YES;
				CLANG_WARN_INT_CONVERSION = YES;
				CLANG_WARN_OBJC_ROOT_CLASS = YES_ERROR;
				CLANG_WARN_UNREACHABLE_CODE = YES;
				CLANG_WARN__DUPLICATE_METHOD_MATCH = YES;
				CODE_SIGN_IDENTITY = "-";
				COPY_PHASE_STRIP = NO;
				DEBUG_INFORMATION_FORMAT = dwarf;
				ENABLE_STRICT_OBJC_MSGSEND = YES;
				ENABLE_TESTABILITY = YES;
				GCC_C_LANGUAGE_STANDARD = gnu99;
				GCC_DYNAMIC_NO_PIC = NO;
				GCC_NO_COMMON_BLOCKS = YES;
				GCC_OPTIMIZATION_LEVEL = 0;
				GCC_PREPROCESSOR_DEFINITIONS = (
					"DEBUG=1",
					"$(inherited)",
				);
				GCC_WARN_64_TO_32_BIT_CONVERSION = YES;
				GCC_WARN_ABOUT_RETURN_TYPE = YES_ERROR;
				GCC_WARN_UNDECLARED_SELECTOR = YES;
				GCC_WARN_UNINITIALIZED_AUTOS = YES_AGGRESSIVE;
				GCC_WARN_UNUSED_FUNCTION = YES;
				GCC_WARN_UNUSED_VARIABLE = YES;
				MACOSX_DEPLOYMENT_TARGET = 10.10;
				MTL_ENABLE_DEBUG_INFO = YES;
				ONLY_ACTIVE_ARCH = YES;
				SDKROOT = macosx;
			};
			name = Debug;
		};
		A4FABFA71D47FE0500555FDA /* Release */ = {
			isa = XCBuildConfiguration;
			buildSettings = {
				ALWAYS_SEARCH_USER_PATHS = NO;
				CLANG_CXX_LANGUAGE_STANDARD = "gnu++0x";
				CLANG_CXX_LIBRARY = "libc++";
				CLANG_ENABLE_MODULES = YES;
				CLANG_ENABLE_OBJC_ARC = YES;
				CLANG_WARN_BOOL_CONVERSION = YES;
				CLANG_WARN_CONSTANT_CONVERSION = YES;
				CLANG_WARN_DIRECT_OBJC_ISA_USAGE = YES_ERROR;
				CLANG_WARN_EMPTY_BODY = YES;
				CLANG_WARN_ENUM_CONVERSION = YES;
				CLANG_WARN_INT_CONVERSION = YES;
				CLANG_WARN_OBJC_ROOT_CLASS = YES_ERROR;
				CLANG_WARN_UNREACHABLE_CODE = YES;
				CLANG_WARN__DUPLICATE_METHOD_MATCH = YES;
				CODE_SIGN_IDENTITY = "-";
				COPY_PHASE_STRIP = NO;
				DEBUG_INFORMATION_FORMAT = "dwarf-with-dsym";
				ENABLE_NS_ASSERTIONS = NO;
				ENABLE_STRICT_OBJC_MSGSEND = YES;
				GCC_C_LANGUAGE_STANDARD = gnu99;
				GCC_NO_COMMON_BLOCKS = YES;
				GCC_WARN_64_TO_32_BIT_CONVERSION = YES;
				GCC_WARN_ABOUT_RETURN_TYPE = YES_ERROR;
				GCC_WARN_UNDECLARED_SELECTOR = YES;
				GCC_WARN_UNINITIALIZED_AUTOS = YES_AGGRESSIVE;
				GCC_WARN_UNUSED_FUNCTION = YES;
				GCC_WARN_UNUSED_VARIABLE = YES;
				MACOSX_DEPLOYMENT_TARGET = 10.10;
				MTL_ENABLE_DEBUG_INFO = NO;
				SDKROOT = macosx;
			};
			name = Release;
		};
		A4FABFA91D47FE0500555FDA /* Debug */ = {
			isa = XCBuildConfiguration;
			buildSettings = {
				PRODUCT_NAME = "$(TARGET_NAME)";
			};
			name = Debug;
		};
		A4FABFAA1D47FE0500555FDA /* Release */ = {
			isa = XCBuildConfiguration;
			buildSettings = {
				PRODUCT_NAME = "$(TARGET_NAME)";
			};
			name = Release;
		};
/* End XCBuildConfiguration section */

/* Begin XCConfigurationList section */
		A4FABF9C1D47FE0500555FDA /* Build configuration list for PBXProject "SummerNodeProject" */ = {
			isa = XCConfigurationList;
			buildConfigurations = (
				A4FABFA61D47FE0500555FDA /* Debug */,
				A4FABFA71D47FE0500555FDA /* Release */,
			);
			defaultConfigurationIsVisible = 0;
			defaultConfigurationName = Release;
		};
		A4FABFA81D47FE0500555FDA /* Build configuration list for PBXNativeTarget "SummerNodeProject" */ = {
			isa = XCConfigurationList;
			buildConfigurations = (
				A4FABFA91D47FE0500555FDA /* Debug */,
				A4FABFAA1D47FE0500555FDA /* Release */,
			);
			defaultConfigurationIsVisible = 0;
		};
/* End XCConfigurationList section */
	};
	rootObject = A4FABF991D47FE0500555FDA /* Project object */;
}
